// !$*UTF8*$!
{
	archiveVersion = 1;
	classes = {
	};
	objectVersion = 46;
	objects = {

/* Begin PBXBuildFile section */
		7F21A7E818278AD1002ECBE9 /* Foundation.framework in Frameworks */ = {isa = PBXBuildFile; fileRef = 7F5138611826791D008A9FEE /* Foundation.framework */; };
		7F21A7EA18278AD1002ECBE9 /* CoreGraphics.framework in Frameworks */ = {isa = PBXBuildFile; fileRef = 7F21A7E918278AD1002ECBE9 /* CoreGraphics.framework */; };
		7F21A7EB18278AD2002ECBE9 /* UIKit.framework in Frameworks */ = {isa = PBXBuildFile; fileRef = 7F51388718267937008A9FEE /* UIKit.framework */; };
		7F21A7F118278AD2002ECBE9 /* InfoPlist.strings in Resources */ = {isa = PBXBuildFile; fileRef = 7F21A7EF18278AD2002ECBE9 /* InfoPlist.strings */; };
		7F21A7F318278AD2002ECBE9 /* main.m in Sources */ = {isa = PBXBuildFile; fileRef = 7F21A7F218278AD2002ECBE9 /* main.m */; };
		7F21A7F718278AD2002ECBE9 /* ISAppDelegate.m in Sources */ = {isa = PBXBuildFile; fileRef = 7F21A7F618278AD2002ECBE9 /* ISAppDelegate.m */; };
		7F21A7F918278AD2002ECBE9 /* Images.xcassets in Resources */ = {isa = PBXBuildFile; fileRef = 7F21A7F818278AD2002ECBE9 /* Images.xcassets */; };
		7F21A81618278BAE002ECBE9 /* ISViewController.m in Sources */ = {isa = PBXBuildFile; fileRef = 7F21A81518278BAE002ECBE9 /* ISViewController.m */; };
		7F21A81918278C3A002ECBE9 /* libISInteractiveEdgesNavigationBar.a in Frameworks */ = {isa = PBXBuildFile; fileRef = 7F51385E1826791D008A9FEE /* libISInteractiveEdgesNavigationBar.a */; };
		7F5138621826791D008A9FEE /* Foundation.framework in Frameworks */ = {isa = PBXBuildFile; fileRef = 7F5138611826791D008A9FEE /* Foundation.framework */; };
		7F5138671826791E008A9FEE /* ISInteractiveEdgesNavigationBar.h in CopyFiles */ = {isa = PBXBuildFile; fileRef = 7F5138661826791E008A9FEE /* ISInteractiveEdgesNavigationBar.h */; };
		7F5138691826791E008A9FEE /* ISInteractiveEdgesNavigationBar.m in Sources */ = {isa = PBXBuildFile; fileRef = 7F5138681826791E008A9FEE /* ISInteractiveEdgesNavigationBar.m */; };
		7F51388818267937008A9FEE /* UIKit.framework in Frameworks */ = {isa = PBXBuildFile; fileRef = 7F51388718267937008A9FEE /* UIKit.framework */; };
		7FF8F00818278DBE00B67670 /* SenTestingKit.framework in Frameworks */ = {isa = PBXBuildFile; fileRef = 7FF8F00718278DBE00B67670 /* SenTestingKit.framework */; };
		7FF8F00918278DBE00B67670 /* Foundation.framework in Frameworks */ = {isa = PBXBuildFile; fileRef = 7F5138611826791D008A9FEE /* Foundation.framework */; };
		7FF8F00A18278DBE00B67670 /* UIKit.framework in Frameworks */ = {isa = PBXBuildFile; fileRef = 7F51388718267937008A9FEE /* UIKit.framework */; };
		7FF8F01018278DBF00B67670 /* InfoPlist.strings in Resources */ = {isa = PBXBuildFile; fileRef = 7FF8F00E18278DBF00B67670 /* InfoPlist.strings */; };
		7FF8F01218278DBF00B67670 /* ISInteractiveEdgesNavigationBarTests.m in Sources */ = {isa = PBXBuildFile; fileRef = 7FF8F01118278DBF00B67670 /* ISInteractiveEdgesNavigationBarTests.m */; };
/* End PBXBuildFile section */

/* Begin PBXContainerItemProxy section */
		7F21A81718278C36002ECBE9 /* PBXContainerItemProxy */ = {
			isa = PBXContainerItemProxy;
			containerPortal = 7F5138561826791D008A9FEE /* Project object */;
			proxyType = 1;
			remoteGlobalIDString = 7F51385D1826791D008A9FEE;
			remoteInfo = ISInteractiveEdgesNavigationBar;
		};
		7FF8F01418278DBF00B67670 /* PBXContainerItemProxy */ = {
			isa = PBXContainerItemProxy;
			containerPortal = 7F5138561826791D008A9FEE /* Project object */;
			proxyType = 1;
			remoteGlobalIDString = 7F21A7E618278AD1002ECBE9;
			remoteInfo = DemoApp;
		};
/* End PBXContainerItemProxy section */

/* Begin PBXCopyFilesBuildPhase section */
		7F51385C1826791D008A9FEE /* CopyFiles */ = {
			isa = PBXCopyFilesBuildPhase;
			buildActionMask = 2147483647;
			dstPath = "include/$(PRODUCT_NAME)";
			dstSubfolderSpec = 16;
			files = (
				7F5138671826791E008A9FEE /* ISInteractiveEdgesNavigationBar.h in CopyFiles */,
			);
			runOnlyForDeploymentPostprocessing = 0;
		};
/* End PBXCopyFilesBuildPhase section */

/* Begin PBXFileReference section */
		02F3AF3B928C400D8DA45AC6 /* libPods-UnitTests.a */ = {isa = PBXFileReference; explicitFileType = archive.ar; includeInIndex = 0; path = "libPods-UnitTests.a"; sourceTree = BUILT_PRODUCTS_DIR; };
		646EE89731404550AEF1864B /* libPods-ISInteractiveEdgesNavigationBarTests.a */ = {isa = PBXFileReference; explicitFileType = archive.ar; includeInIndex = 0; path = "libPods-ISInteractiveEdgesNavigationBarTests.a"; sourceTree = BUILT_PRODUCTS_DIR; };
		65BE1C96845B4C038F01DFF4 /* Pods-UnitTests.xcconfig */ = {isa = PBXFileReference; includeInIndex = 1; lastKnownFileType = text.xcconfig; name = "Pods-UnitTests.xcconfig"; path = "Pods/Pods-UnitTests.xcconfig"; sourceTree = "<group>"; };
		7F21A7E718278AD1002ECBE9 /* DemoApp.app */ = {isa = PBXFileReference; explicitFileType = wrapper.application; includeInIndex = 0; path = DemoApp.app; sourceTree = BUILT_PRODUCTS_DIR; };
		7F21A7E918278AD1002ECBE9 /* CoreGraphics.framework */ = {isa = PBXFileReference; lastKnownFileType = wrapper.framework; name = CoreGraphics.framework; path = System/Library/Frameworks/CoreGraphics.framework; sourceTree = SDKROOT; };
		7F21A7EE18278AD2002ECBE9 /* DemoApp-Info.plist */ = {isa = PBXFileReference; lastKnownFileType = text.plist.xml; path = "DemoApp-Info.plist"; sourceTree = "<group>"; };
		7F21A7F018278AD2002ECBE9 /* en */ = {isa = PBXFileReference; lastKnownFileType = text.plist.strings; name = en; path = en.lproj/InfoPlist.strings; sourceTree = "<group>"; };
		7F21A7F218278AD2002ECBE9 /* main.m */ = {isa = PBXFileReference; lastKnownFileType = sourcecode.c.objc; path = main.m; sourceTree = "<group>"; };
		7F21A7F418278AD2002ECBE9 /* DemoApp-Prefix.pch */ = {isa = PBXFileReference; lastKnownFileType = sourcecode.c.h; path = "DemoApp-Prefix.pch"; sourceTree = "<group>"; };
		7F21A7F518278AD2002ECBE9 /* ISAppDelegate.h */ = {isa = PBXFileReference; lastKnownFileType = sourcecode.c.h; path = ISAppDelegate.h; sourceTree = "<group>"; };
		7F21A7F618278AD2002ECBE9 /* ISAppDelegate.m */ = {isa = PBXFileReference; lastKnownFileType = sourcecode.c.objc; path = ISAppDelegate.m; sourceTree = "<group>"; };
		7F21A7F818278AD2002ECBE9 /* Images.xcassets */ = {isa = PBXFileReference; lastKnownFileType = folder.assetcatalog; path = Images.xcassets; sourceTree = "<group>"; };
		7F21A81418278BAE002ECBE9 /* ISViewController.h */ = {isa = PBXFileReference; fileEncoding = 4; lastKnownFileType = sourcecode.c.h; path = ISViewController.h; sourceTree = "<group>"; };
		7F21A81518278BAE002ECBE9 /* ISViewController.m */ = {isa = PBXFileReference; fileEncoding = 4; lastKnownFileType = sourcecode.c.objc; path = ISViewController.m; sourceTree = "<group>"; };
		7F51385E1826791D008A9FEE /* libISInteractiveEdgesNavigationBar.a */ = {isa = PBXFileReference; explicitFileType = archive.ar; includeInIndex = 0; path = libISInteractiveEdgesNavigationBar.a; sourceTree = BUILT_PRODUCTS_DIR; };
		7F5138611826791D008A9FEE /* Foundation.framework */ = {isa = PBXFileReference; lastKnownFileType = wrapper.framework; name = Foundation.framework; path = System/Library/Frameworks/Foundation.framework; sourceTree = SDKROOT; };
		7F5138651826791E008A9FEE /* ISInteractiveEdgesNavigationBar-Prefix.pch */ = {isa = PBXFileReference; lastKnownFileType = sourcecode.c.h; path = "ISInteractiveEdgesNavigationBar-Prefix.pch"; sourceTree = "<group>"; };
		7F5138661826791E008A9FEE /* ISInteractiveEdgesNavigationBar.h */ = {isa = PBXFileReference; lastKnownFileType = sourcecode.c.h; path = ISInteractiveEdgesNavigationBar.h; sourceTree = "<group>"; };
		7F5138681826791E008A9FEE /* ISInteractiveEdgesNavigationBar.m */ = {isa = PBXFileReference; lastKnownFileType = sourcecode.c.objc; path = ISInteractiveEdgesNavigationBar.m; sourceTree = "<group>"; };
		7F51386F1826791E008A9FEE /* XCTest.framework */ = {isa = PBXFileReference; lastKnownFileType = wrapper.framework; name = XCTest.framework; path = Library/Frameworks/XCTest.framework; sourceTree = DEVELOPER_DIR; };
		7F5138721826791E008A9FEE /* UIKit.framework */ = {isa = PBXFileReference; lastKnownFileType = wrapper.framework; name = UIKit.framework; path = Library/Frameworks/UIKit.framework; sourceTree = DEVELOPER_DIR; };
		7F51388718267937008A9FEE /* UIKit.framework */ = {isa = PBXFileReference; lastKnownFileType = wrapper.framework; name = UIKit.framework; path = System/Library/Frameworks/UIKit.framework; sourceTree = SDKROOT; };
		7FF8F00618278DBE00B67670 /* UnitTests.octest */ = {isa = PBXFileReference; explicitFileType = wrapper.cfbundle; includeInIndex = 0; path = UnitTests.octest; sourceTree = BUILT_PRODUCTS_DIR; };
		7FF8F00718278DBE00B67670 /* SenTestingKit.framework */ = {isa = PBXFileReference; lastKnownFileType = wrapper.framework; name = SenTestingKit.framework; path = Library/Frameworks/SenTestingKit.framework; sourceTree = DEVELOPER_DIR; };
		7FF8F00D18278DBF00B67670 /* UnitTests-Info.plist */ = {isa = PBXFileReference; lastKnownFileType = text.plist.xml; path = "UnitTests-Info.plist"; sourceTree = "<group>"; };
		7FF8F00F18278DBF00B67670 /* en */ = {isa = PBXFileReference; lastKnownFileType = text.plist.strings; name = en; path = en.lproj/InfoPlist.strings; sourceTree = "<group>"; };
		7FF8F01118278DBF00B67670 /* ISInteractiveEdgesNavigationBarTests.m */ = {isa = PBXFileReference; lastKnownFileType = sourcecode.c.objc; path = ISInteractiveEdgesNavigationBarTests.m; sourceTree = "<group>"; };
		7FF8F01318278DBF00B67670 /* UnitTests-Prefix.pch */ = {isa = PBXFileReference; lastKnownFileType = sourcecode.c.h; path = "UnitTests-Prefix.pch"; sourceTree = "<group>"; };
		D514DD1F4FD94A529AAEA431 /* Pods-ISInteractiveEdgesNavigationBarTests.xcconfig */ = {isa = PBXFileReference; includeInIndex = 1; lastKnownFileType = text.xcconfig; name = "Pods-ISInteractiveEdgesNavigationBarTests.xcconfig"; path = "Pods/Pods-ISInteractiveEdgesNavigationBarTests.xcconfig"; sourceTree = "<group>"; };
/* End PBXFileReference section */

/* Begin PBXFrameworksBuildPhase section */
		7F21A7E418278AD1002ECBE9 /* Frameworks */ = {
			isa = PBXFrameworksBuildPhase;
			buildActionMask = 2147483647;
			files = (
				7F21A81918278C3A002ECBE9 /* libISInteractiveEdgesNavigationBar.a in Frameworks */,
				7F21A7EA18278AD1002ECBE9 /* CoreGraphics.framework in Frameworks */,
				7F21A7EB18278AD2002ECBE9 /* UIKit.framework in Frameworks */,
				7F21A7E818278AD1002ECBE9 /* Foundation.framework in Frameworks */,
			);
			runOnlyForDeploymentPostprocessing = 0;
		};
		7F51385B1826791D008A9FEE /* Frameworks */ = {
			isa = PBXFrameworksBuildPhase;
			buildActionMask = 2147483647;
			files = (
				7F51388818267937008A9FEE /* UIKit.framework in Frameworks */,
				7F5138621826791D008A9FEE /* Foundation.framework in Frameworks */,
			);
			runOnlyForDeploymentPostprocessing = 0;
		};
		7FF8F00318278DBE00B67670 /* Frameworks */ = {
			isa = PBXFrameworksBuildPhase;
			buildActionMask = 2147483647;
			files = (
				7FF8F00818278DBE00B67670 /* SenTestingKit.framework in Frameworks */,
				7FF8F00A18278DBE00B67670 /* UIKit.framework in Frameworks */,
				7FF8F00918278DBE00B67670 /* Foundation.framework in Frameworks */,
			);
			runOnlyForDeploymentPostprocessing = 0;
		};
/* End PBXFrameworksBuildPhase section */

/* Begin PBXGroup section */
		7F21A7EC18278AD2002ECBE9 /* DemoApp */ = {
			isa = PBXGroup;
			children = (
				7F21A7F518278AD2002ECBE9 /* ISAppDelegate.h */,
				7F21A7F618278AD2002ECBE9 /* ISAppDelegate.m */,
				7F21A81418278BAE002ECBE9 /* ISViewController.h */,
				7F21A81518278BAE002ECBE9 /* ISViewController.m */,
				7F21A7F818278AD2002ECBE9 /* Images.xcassets */,
				7F21A7ED18278AD2002ECBE9 /* Supporting Files */,
			);
			path = DemoApp;
			sourceTree = "<group>";
		};
		7F21A7ED18278AD2002ECBE9 /* Supporting Files */ = {
			isa = PBXGroup;
			children = (
				7F21A7EE18278AD2002ECBE9 /* DemoApp-Info.plist */,
				7F21A7EF18278AD2002ECBE9 /* InfoPlist.strings */,
				7F21A7F218278AD2002ECBE9 /* main.m */,
				7F21A7F418278AD2002ECBE9 /* DemoApp-Prefix.pch */,
			);
			name = "Supporting Files";
			sourceTree = "<group>";
		};
		7F5138551826791D008A9FEE = {
			isa = PBXGroup;
			children = (
				7F5138631826791E008A9FEE /* ISInteractiveEdgesNavigationBar */,
				7F21A7EC18278AD2002ECBE9 /* DemoApp */,
				7FF8F00B18278DBF00B67670 /* UnitTests */,
				7F5138601826791D008A9FEE /* Frameworks */,
				7F51385F1826791D008A9FEE /* Products */,
				D514DD1F4FD94A529AAEA431 /* Pods-ISInteractiveEdgesNavigationBarTests.xcconfig */,
				65BE1C96845B4C038F01DFF4 /* Pods-UnitTests.xcconfig */,
			);
			sourceTree = "<group>";
		};
		7F51385F1826791D008A9FEE /* Products */ = {
			isa = PBXGroup;
			children = (
				7F51385E1826791D008A9FEE /* libISInteractiveEdgesNavigationBar.a */,
				7F21A7E718278AD1002ECBE9 /* DemoApp.app */,
				7FF8F00618278DBE00B67670 /* UnitTests.octest */,
			);
			name = Products;
			sourceTree = "<group>";
		};
		7F5138601826791D008A9FEE /* Frameworks */ = {
			isa = PBXGroup;
			children = (
				7F51388718267937008A9FEE /* UIKit.framework */,
				7F5138611826791D008A9FEE /* Foundation.framework */,
				7F51386F1826791E008A9FEE /* XCTest.framework */,
				7F5138721826791E008A9FEE /* UIKit.framework */,
				646EE89731404550AEF1864B /* libPods-ISInteractiveEdgesNavigationBarTests.a */,
				7F21A7E918278AD1002ECBE9 /* CoreGraphics.framework */,
				02F3AF3B928C400D8DA45AC6 /* libPods-UnitTests.a */,
				7FF8F00718278DBE00B67670 /* SenTestingKit.framework */,
			);
			name = Frameworks;
			sourceTree = "<group>";
		};
		7F5138631826791E008A9FEE /* ISInteractiveEdgesNavigationBar */ = {
			isa = PBXGroup;
			children = (
				7F5138661826791E008A9FEE /* ISInteractiveEdgesNavigationBar.h */,
				7F5138681826791E008A9FEE /* ISInteractiveEdgesNavigationBar.m */,
				7F5138641826791E008A9FEE /* Supporting Files */,
			);
			path = ISInteractiveEdgesNavigationBar;
			sourceTree = "<group>";
		};
		7F5138641826791E008A9FEE /* Supporting Files */ = {
			isa = PBXGroup;
			children = (
				7F5138651826791E008A9FEE /* ISInteractiveEdgesNavigationBar-Prefix.pch */,
			);
			name = "Supporting Files";
			sourceTree = "<group>";
		};
		7FF8F00B18278DBF00B67670 /* UnitTests */ = {
			isa = PBXGroup;
			children = (
				7FF8F01118278DBF00B67670 /* ISInteractiveEdgesNavigationBarTests.m */,
				7FF8F00C18278DBF00B67670 /* Supporting Files */,
			);
			path = UnitTests;
			sourceTree = "<group>";
		};
		7FF8F00C18278DBF00B67670 /* Supporting Files */ = {
			isa = PBXGroup;
			children = (
				7FF8F00D18278DBF00B67670 /* UnitTests-Info.plist */,
				7FF8F00E18278DBF00B67670 /* InfoPlist.strings */,
				7FF8F01318278DBF00B67670 /* UnitTests-Prefix.pch */,
			);
			name = "Supporting Files";
			sourceTree = "<group>";
		};
/* End PBXGroup section */

/* Begin PBXNativeTarget section */
		7F21A7E618278AD1002ECBE9 /* DemoApp */ = {
			isa = PBXNativeTarget;
			buildConfigurationList = 7F21A81018278AD2002ECBE9 /* Build configuration list for PBXNativeTarget "DemoApp" */;
			buildPhases = (
				7F21A7E318278AD1002ECBE9 /* Sources */,
				7F21A7E418278AD1002ECBE9 /* Frameworks */,
				7F21A7E518278AD1002ECBE9 /* Resources */,
			);
			buildRules = (
			);
			dependencies = (
				7F21A81818278C36002ECBE9 /* PBXTargetDependency */,
			);
			name = DemoApp;
			productName = DemoApp;
			productReference = 7F21A7E718278AD1002ECBE9 /* DemoApp.app */;
			productType = "com.apple.product-type.application";
		};
		7F51385D1826791D008A9FEE /* ISInteractiveEdgesNavigationBar */ = {
			isa = PBXNativeTarget;
			buildConfigurationList = 7F5138811826791E008A9FEE /* Build configuration list for PBXNativeTarget "ISInteractiveEdgesNavigationBar" */;
			buildPhases = (
				7F51385A1826791D008A9FEE /* Sources */,
				7F51385B1826791D008A9FEE /* Frameworks */,
				7F51385C1826791D008A9FEE /* CopyFiles */,
			);
			buildRules = (
			);
			dependencies = (
			);
			name = ISInteractiveEdgesNavigationBar;
			productName = ISInteractiveEdgesNavigationBar;
			productReference = 7F51385E1826791D008A9FEE /* libISInteractiveEdgesNavigationBar.a */;
			productType = "com.apple.product-type.library.static";
		};
		7FF8F00518278DBE00B67670 /* UnitTests */ = {
			isa = PBXNativeTarget;
			buildConfigurationList = 7FF8F01618278DBF00B67670 /* Build configuration list for PBXNativeTarget "UnitTests" */;
			buildPhases = (
				7FF8F00218278DBE00B67670 /* Sources */,
				7FF8F00318278DBE00B67670 /* Frameworks */,
				7FF8F00418278DBE00B67670 /* Resources */,
			);
			buildRules = (
			);
			dependencies = (
				7FF8F01518278DBF00B67670 /* PBXTargetDependency */,
			);
			name = UnitTests;
			productName = UnitTests;
			productReference = 7FF8F00618278DBE00B67670 /* UnitTests.octest */;
			productType = "com.apple.product-type.bundle";
		};
/* End PBXNativeTarget section */

/* Begin PBXProject section */
		7F5138561826791D008A9FEE /* Project object */ = {
			isa = PBXProject;
			attributes = {
				LastUpgradeCheck = 0500;
				ORGANIZATIONNAME = "Yosuke Ishikawa";
				TargetAttributes = {
					7FF8F00518278DBE00B67670 = {
						TestTargetID = 7F21A7E618278AD1002ECBE9;
					};
				};
			};
			buildConfigurationList = 7F5138591826791D008A9FEE /* Build configuration list for PBXProject "ISInteractiveEdgesNavigationBar" */;
			compatibilityVersion = "Xcode 3.2";
			developmentRegion = English;
			hasScannedForEncodings = 0;
			knownRegions = (
				en,
			);
			mainGroup = 7F5138551826791D008A9FEE;
			productRefGroup = 7F51385F1826791D008A9FEE /* Products */;
			projectDirPath = "";
			projectRoot = "";
			targets = (
				7F51385D1826791D008A9FEE /* ISInteractiveEdgesNavigationBar */,
				7F21A7E618278AD1002ECBE9 /* DemoApp */,
				7FF8F00518278DBE00B67670 /* UnitTests */,
			);
		};
/* End PBXProject section */

/* Begin PBXResourcesBuildPhase section */
		7F21A7E518278AD1002ECBE9 /* Resources */ = {
			isa = PBXResourcesBuildPhase;
			buildActionMask = 2147483647;
			files = (
				7F21A7F118278AD2002ECBE9 /* InfoPlist.strings in Resources */,
				7F21A7F918278AD2002ECBE9 /* Images.xcassets in Resources */,
			);
			runOnlyForDeploymentPostprocessing = 0;
		};
		7FF8F00418278DBE00B67670 /* Resources */ = {
			isa = PBXResourcesBuildPhase;
			buildActionMask = 2147483647;
			files = (
				7FF8F01018278DBF00B67670 /* InfoPlist.strings in Resources */,
			);
			runOnlyForDeploymentPostprocessing = 0;
		};
/* End PBXResourcesBuildPhase section */

/* Begin PBXSourcesBuildPhase section */
		7F21A7E318278AD1002ECBE9 /* Sources */ = {
			isa = PBXSourcesBuildPhase;
			buildActionMask = 2147483647;
			files = (
				7F21A7F718278AD2002ECBE9 /* ISAppDelegate.m in Sources */,
				7F21A7F318278AD2002ECBE9 /* main.m in Sources */,
				7F21A81618278BAE002ECBE9 /* ISViewController.m in Sources */,
			);
			runOnlyForDeploymentPostprocessing = 0;
		};
		7F51385A1826791D008A9FEE /* Sources */ = {
			isa = PBXSourcesBuildPhase;
			buildActionMask = 2147483647;
			files = (
				7F5138691826791E008A9FEE /* ISInteractiveEdgesNavigationBar.m in Sources */,
			);
			runOnlyForDeploymentPostprocessing = 0;
		};
		7FF8F00218278DBE00B67670 /* Sources */ = {
			isa = PBXSourcesBuildPhase;
			buildActionMask = 2147483647;
			files = (
				7FF8F01218278DBF00B67670 /* ISInteractiveEdgesNavigationBarTests.m in Sources */,
			);
			runOnlyForDeploymentPostprocessing = 0;
		};
/* End PBXSourcesBuildPhase section */

/* Begin PBXTargetDependency section */
		7F21A81818278C36002ECBE9 /* PBXTargetDependency */ = {
			isa = PBXTargetDependency;
			target = 7F51385D1826791D008A9FEE /* ISInteractiveEdgesNavigationBar */;
			targetProxy = 7F21A81718278C36002ECBE9 /* PBXContainerItemProxy */;
		};
		7FF8F01518278DBF00B67670 /* PBXTargetDependency */ = {
			isa = PBXTargetDependency;
			target = 7F21A7E618278AD1002ECBE9 /* DemoApp */;
			targetProxy = 7FF8F01418278DBF00B67670 /* PBXContainerItemProxy */;
		};
/* End PBXTargetDependency section */

/* Begin PBXVariantGroup section */
		7F21A7EF18278AD2002ECBE9 /* InfoPlist.strings */ = {
			isa = PBXVariantGroup;
			children = (
				7F21A7F018278AD2002ECBE9 /* en */,
			);
			name = InfoPlist.strings;
			sourceTree = "<group>";
		};
		7FF8F00E18278DBF00B67670 /* InfoPlist.strings */ = {
			isa = PBXVariantGroup;
			children = (
				7FF8F00F18278DBF00B67670 /* en */,
			);
			name = InfoPlist.strings;
			sourceTree = "<group>";
		};
/* End PBXVariantGroup section */

/* Begin XCBuildConfiguration section */
		7F21A80C18278AD2002ECBE9 /* Debug */ = {
			isa = XCBuildConfiguration;
			buildSettings = {
				ARCHS = "$(ARCHS_STANDARD_INCLUDING_64_BIT)";
				ASSETCATALOG_COMPILER_APPICON_NAME = AppIcon;
				ASSETCATALOG_COMPILER_LAUNCHIMAGE_NAME = LaunchImage;
				"CODE_SIGN_IDENTITY[sdk=iphoneos*]" = "iPhone Developer";
				GCC_PRECOMPILE_PREFIX_HEADER = YES;
				GCC_PREFIX_HEADER = "DemoApp/DemoApp-Prefix.pch";
				GCC_PREPROCESSOR_DEFINITIONS = (
					"DEBUG=1",
					"$(inherited)",
				);
				INFOPLIST_FILE = "DemoApp/DemoApp-Info.plist";
				PRODUCT_NAME = "$(TARGET_NAME)";
				WRAPPER_EXTENSION = app;
			};
			name = Debug;
		};
		7F21A80D18278AD2002ECBE9 /* Release */ = {
			isa = XCBuildConfiguration;
			buildSettings = {
				ARCHS = "$(ARCHS_STANDARD_INCLUDING_64_BIT)";
				ASSETCATALOG_COMPILER_APPICON_NAME = AppIcon;
				ASSETCATALOG_COMPILER_LAUNCHIMAGE_NAME = LaunchImage;
				"CODE_SIGN_IDENTITY[sdk=iphoneos*]" = "iPhone Developer";
				GCC_PRECOMPILE_PREFIX_HEADER = YES;
				GCC_PREFIX_HEADER = "DemoApp/DemoApp-Prefix.pch";
				INFOPLIST_FILE = "DemoApp/DemoApp-Info.plist";
				PRODUCT_NAME = "$(TARGET_NAME)";
				WRAPPER_EXTENSION = app;
			};
			name = Release;
		};
		7F51387F1826791E008A9FEE /* Debug */ = {
			isa = XCBuildConfiguration;
			buildSettings = {
				ALWAYS_SEARCH_USER_PATHS = NO;
				ARCHS = "$(ARCHS_STANDARD_INCLUDING_64_BIT)";
				CLANG_CXX_LANGUAGE_STANDARD = "gnu++0x";
				CLANG_CXX_LIBRARY = "libc++";
				CLANG_ENABLE_MODULES = YES;
				CLANG_ENABLE_OBJC_ARC = YES;
				CLANG_WARN_BOOL_CONVERSION = YES;
				CLANG_WARN_CONSTANT_CONVERSION = YES;
				CLANG_WARN_DIRECT_OBJC_ISA_USAGE = YES_ERROR;
				CLANG_WARN_EMPTY_BODY = YES;
				CLANG_WARN_ENUM_CONVERSION = YES;
				CLANG_WARN_INT_CONVERSION = YES;
				CLANG_WARN_OBJC_ROOT_CLASS = YES_ERROR;
				CLANG_WARN__DUPLICATE_METHOD_MATCH = YES;
				COPY_PHASE_STRIP = NO;
				FRAMEWORK_SEARCH_PATHS = ISInteractiveEdgesNavigationBar;
				GCC_C_LANGUAGE_STANDARD = gnu99;
				GCC_DYNAMIC_NO_PIC = NO;
				GCC_OPTIMIZATION_LEVEL = 0;
				GCC_PREPROCESSOR_DEFINITIONS = (
					"DEBUG=1",
					"$(inherited)",
				);
				GCC_SYMBOLS_PRIVATE_EXTERN = NO;
				GCC_WARN_64_TO_32_BIT_CONVERSION = YES;
				GCC_WARN_ABOUT_RETURN_TYPE = YES_ERROR;
				GCC_WARN_UNDECLARED_SELECTOR = YES;
				GCC_WARN_UNINITIALIZED_AUTOS = YES;
				GCC_WARN_UNUSED_FUNCTION = YES;
				GCC_WARN_UNUSED_VARIABLE = YES;
				IPHONEOS_DEPLOYMENT_TARGET = 7.0;
				ONLY_ACTIVE_ARCH = YES;
				SDKROOT = iphoneos;
			};
			name = Debug;
		};
		7F5138801826791E008A9FEE /* Release */ = {
			isa = XCBuildConfiguration;
			buildSettings = {
				ALWAYS_SEARCH_USER_PATHS = NO;
				ARCHS = "$(ARCHS_STANDARD_INCLUDING_64_BIT)";
				CLANG_CXX_LANGUAGE_STANDARD = "gnu++0x";
				CLANG_CXX_LIBRARY = "libc++";
				CLANG_ENABLE_MODULES = YES;
				CLANG_ENABLE_OBJC_ARC = YES;
				CLANG_WARN_BOOL_CONVERSION = YES;
				CLANG_WARN_CONSTANT_CONVERSION = YES;
				CLANG_WARN_DIRECT_OBJC_ISA_USAGE = YES_ERROR;
				CLANG_WARN_EMPTY_BODY = YES;
				CLANG_WARN_ENUM_CONVERSION = YES;
				CLANG_WARN_INT_CONVERSION = YES;
				CLANG_WARN_OBJC_ROOT_CLASS = YES_ERROR;
				CLANG_WARN__DUPLICATE_METHOD_MATCH = YES;
				COPY_PHASE_STRIP = YES;
				ENABLE_NS_ASSERTIONS = NO;
				FRAMEWORK_SEARCH_PATHS = ISInteractiveEdgesNavigationBar;
				GCC_C_LANGUAGE_STANDARD = gnu99;
				GCC_WARN_64_TO_32_BIT_CONVERSION = YES;
				GCC_WARN_ABOUT_RETURN_TYPE = YES_ERROR;
				GCC_WARN_UNDECLARED_SELECTOR = YES;
				GCC_WARN_UNINITIALIZED_AUTOS = YES;
				GCC_WARN_UNUSED_FUNCTION = YES;
				GCC_WARN_UNUSED_VARIABLE = YES;
				IPHONEOS_DEPLOYMENT_TARGET = 7.0;
				SDKROOT = iphoneos;
				VALIDATE_PRODUCT = YES;
			};
			name = Release;
		};
		7F5138821826791E008A9FEE /* Debug */ = {
			isa = XCBuildConfiguration;
			buildSettings = {
				DSTROOT = /tmp/ISInteractiveEdgesNavigationBar.dst;
				FRAMEWORK_SEARCH_PATHS = "";
				GCC_PRECOMPILE_PREFIX_HEADER = YES;
				GCC_PREFIX_HEADER = "ISInteractiveEdgesNavigationBar/ISInteractiveEdgesNavigationBar-Prefix.pch";
				OTHER_LDFLAGS = "-ObjC";
				PRODUCT_NAME = "$(TARGET_NAME)";
				SKIP_INSTALL = YES;
			};
			name = Debug;
		};
		7F5138831826791E008A9FEE /* Release */ = {
			isa = XCBuildConfiguration;
			buildSettings = {
				DSTROOT = /tmp/ISInteractiveEdgesNavigationBar.dst;
				FRAMEWORK_SEARCH_PATHS = "";
				GCC_PRECOMPILE_PREFIX_HEADER = YES;
				GCC_PREFIX_HEADER = "ISInteractiveEdgesNavigationBar/ISInteractiveEdgesNavigationBar-Prefix.pch";
				OTHER_LDFLAGS = "-ObjC";
				PRODUCT_NAME = "$(TARGET_NAME)";
				SKIP_INSTALL = YES;
			};
			name = Release;
		};
		7FF8F01718278DBF00B67670 /* Debug */ = {
			isa = XCBuildConfiguration;
			buildSettings = {
				ARCHS = "$(ARCHS_STANDARD_INCLUDING_64_BIT)";
				BUNDLE_LOADER = "$(BUILT_PRODUCTS_DIR)/DemoApp.app/DemoApp";
				FRAMEWORK_SEARCH_PATHS = (
					"$(SDKROOT)/Developer/Library/Frameworks",
					"$(inherited)",
					"$(DEVELOPER_FRAMEWORKS_DIR)",
				);
				GCC_PRECOMPILE_PREFIX_HEADER = YES;
				GCC_PREFIX_HEADER = "UnitTests/UnitTests-Prefix.pch";
				GCC_PREPROCESSOR_DEFINITIONS = (
					"DEBUG=1",
					"$(inherited)",
				);
				INFOPLIST_FILE = "UnitTests/UnitTests-Info.plist";
				PRODUCT_NAME = "$(TARGET_NAME)";
				TEST_HOST = "$(BUNDLE_LOADER)";
				WRAPPER_EXTENSION = octest;
			};
			name = Debug;
		};
		7FF8F01818278DBF00B67670 /* Release */ = {
			isa = XCBuildConfiguration;
			buildSettings = {
				ARCHS = "$(ARCHS_STANDARD_INCLUDING_64_BIT)";
				BUNDLE_LOADER = "$(BUILT_PRODUCTS_DIR)/DemoApp.app/DemoApp";
				FRAMEWORK_SEARCH_PATHS = (
					"$(SDKROOT)/Developer/Library/Frameworks",
					"$(inherited)",
					"$(DEVELOPER_FRAMEWORKS_DIR)",
				);
				GCC_PRECOMPILE_PREFIX_HEADER = YES;
				GCC_PREFIX_HEADER = "UnitTests/UnitTests-Prefix.pch";
				INFOPLIST_FILE = "UnitTests/UnitTests-Info.plist";
				PRODUCT_NAME = "$(TARGET_NAME)";
				TEST_HOST = "$(BUNDLE_LOADER)";
				WRAPPER_EXTENSION = octest;
			};
			name = Release;
		};
/* End XCBuildConfiguration section */

/* Begin XCConfigurationList section */
		7F21A81018278AD2002ECBE9 /* Build configuration list for PBXNativeTarget "DemoApp" */ = {
			isa = XCConfigurationList;
			buildConfigurations = (
				7F21A80C18278AD2002ECBE9 /* Debug */,
				7F21A80D18278AD2002ECBE9 /* Release */,
			);
			defaultConfigurationIsVisible = 0;
			defaultConfigurationName = Release;
		};
		7F5138591826791D008A9FEE /* Build configuration list for PBXProject "ISInteractiveEdgesNavigationBar" */ = {
			isa = XCConfigurationList;
			buildConfigurations = (
				7F51387F1826791E008A9FEE /* Debug */,
				7F5138801826791E008A9FEE /* Release */,
			);
			defaultConfigurationIsVisible = 0;
			defaultConfigurationName = Release;
		};
		7F5138811826791E008A9FEE /* Build configuration list for PBXNativeTarget "ISInteractiveEdgesNavigationBar" */ = {
			isa = XCConfigurationList;
			buildConfigurations = (
				7F5138821826791E008A9FEE /* Debug */,
				7F5138831826791E008A9FEE /* Release */,
			);
			defaultConfigurationIsVisible = 0;
			defaultConfigurationName = Release;
		};
		7FF8F01618278DBF00B67670 /* Build configuration list for PBXNativeTarget "UnitTests" */ = {
			isa = XCConfigurationList;
			buildConfigurations = (
				7FF8F01718278DBF00B67670 /* Debug */,
				7FF8F01818278DBF00B67670 /* Release */,
			);
			defaultConfigurationIsVisible = 0;
		};
/* End XCConfigurationList section */
	};
	rootObject = 7F5138561826791D008A9FEE /* Project object */;
}
